// !$*UTF8*$!
{
	archiveVersion = 1;
	classes = {
	};
	objectVersion = 55;
	objects = {

/* Begin PBXBuildFile section */
		71A9C18C2734A42900932563 /* main.m in Sources */ = {isa = PBXBuildFile; fileRef = 71A9C18A2734A42900932563 /* main.m */; };
		71A9C18E2734A43200932563 /* MetalKit.framework in Frameworks */ = {isa = PBXBuildFile; fileRef = 71A9C07727349D4500932563 /* MetalKit.framework */; };
		71A9C18F2734A43500932563 /* Metal.framework in Frameworks */ = {isa = PBXBuildFile; fileRef = 71A9C07527349D4200932563 /* Metal.framework */; };
		71A9C1902734A43A00932563 /* Foundation.framework in Frameworks */ = {isa = PBXBuildFile; fileRef = 71A9C07927349D5500932563 /* Foundation.framework */; };
		841E27832EBD79110076D22A /* shaders.metal in Sources */ = {isa = PBXBuildFile; fileRef = 841E27822EBD790E0076D22A /* shaders.metal */; };
		84B163FA2EBDF050006B608E /* Game.cpp in Sources */ = {isa = PBXBuildFile; fileRef = 84B163F92EBDF04C006B608E /* Game.cpp */; };
		84DEE8762EBEA634006C5C7B /* Cocoa.framework in Frameworks */ = {isa = PBXBuildFile; fileRef = 84DEE8752EBEA634006C5C7B /* Cocoa.framework */; };
/* End PBXBuildFile section */

/* Begin PBXFileReference section */
		40B3313227F3B7150029F74E /* README.md */ = {isa = PBXFileReference; lastKnownFileType = net.daringfireball.markdown; path = README.md; sourceTree = "<group>"; };
		71A9C07527349D4200932563 /* Metal.framework */ = {isa = PBXFileReference; lastKnownFileType = wrapper.framework; name = Metal.framework; path = System/Library/Frameworks/Metal.framework; sourceTree = SDKROOT; };
		71A9C07727349D4500932563 /* MetalKit.framework */ = {isa = PBXFileReference; lastKnownFileType = wrapper.framework; name = MetalKit.framework; path = System/Library/Frameworks/MetalKit.framework; sourceTree = SDKROOT; };
		71A9C07927349D5500932563 /* Foundation.framework */ = {isa = PBXFileReference; lastKnownFileType = wrapper.framework; name = Foundation.framework; path = System/Library/Frameworks/Foundation.framework; sourceTree = SDKROOT; };
		71A9C17A2734A3EF00932563 /* Code.app */ = {isa = PBXFileReference; explicitFileType = wrapper.application; includeInIndex = 0; path = Code.app; sourceTree = BUILT_PRODUCTS_DIR; };
		71A9C18A2734A42900932563 /* main.m */ = {isa = PBXFileReference; fileEncoding = 4; lastKnownFileType = sourcecode.c.objc; path = main.m; sourceTree = "<group>"; };
		71A9C18B2734A42900932563 /* Info.plist */ = {isa = PBXFileReference; fileEncoding = 4; lastKnownFileType = text.plist.xml; path = Info.plist; sourceTree = "<group>"; };
		72CBBD399B025FAB0CA05C0D /* SampleCode.xcconfig */ = {isa = PBXFileReference; lastKnownFileType = text.xcconfig; name = SampleCode.xcconfig; path = Configuration/SampleCode.xcconfig; sourceTree = "<group>"; };
		841E27822EBD790E0076D22A /* shaders.metal */ = {isa = PBXFileReference; lastKnownFileType = sourcecode.metal; path = shaders.metal; sourceTree = "<group>"; };
		843BE9FD2EBF0E01001EA29F /* math.h */ = {isa = PBXFileReference; lastKnownFileType = sourcecode.c.h; path = math.h; sourceTree = "<group>"; };
		843BE9FE2EBF2091001EA29F /* shader_types.h */ = {isa = PBXFileReference; lastKnownFileType = sourcecode.c.h; path = shader_types.h; sourceTree = "<group>"; };
		84B163F92EBDF04C006B608E /* Game.cpp */ = {isa = PBXFileReference; lastKnownFileType = sourcecode.cpp.cpp; path = Game.cpp; sourceTree = "<group>"; };
		84B163FB2EBE9A08006B608E /* Game.h */ = {isa = PBXFileReference; lastKnownFileType = sourcecode.c.h; path = Game.h; sourceTree = "<group>"; };
		84DEE8752EBEA634006C5C7B /* Cocoa.framework */ = {isa = PBXFileReference; lastKnownFileType = wrapper.framework; name = Cocoa.framework; path = System/Library/Frameworks/Cocoa.framework; sourceTree = SDKROOT; };
		84DEE8942EBEC65A006C5C7B /* PlatformMemory.h */ = {isa = PBXFileReference; lastKnownFileType = sourcecode.c.h; path = PlatformMemory.h; sourceTree = "<group>"; };
/* End PBXFileReference section */

/* Begin PBXFrameworksBuildPhase section */
		71A9C1772734A3EF00932563 /* Frameworks */ = {
			isa = PBXFrameworksBuildPhase;
			buildActionMask = 2147483647;
			files = (
				84DEE8762EBEA634006C5C7B /* Cocoa.framework in Frameworks */,
				71A9C1902734A43A00932563 /* Foundation.framework in Frameworks */,
				71A9C18F2734A43500932563 /* Metal.framework in Frameworks */,
				71A9C18E2734A43200932563 /* MetalKit.framework in Frameworks */,
			);
			runOnlyForDeploymentPostprocessing = 0;
		};
/* End PBXFrameworksBuildPhase section */

/* Begin PBXGroup section */
		40B3313127F3B63B0029F74E /* Code */ = {
			isa = PBXGroup;
			children = (
				71A9C18A2734A42900932563 /* main.m */,
				84DEE8942EBEC65A006C5C7B /* PlatformMemory.h */,
				84B163FB2EBE9A08006B608E /* Game.h */,
				84B163F92EBDF04C006B608E /* Game.cpp */,
				843BE9FD2EBF0E01001EA29F /* math.h */,
				843BE9FE2EBF2091001EA29F /* shader_types.h */,
				841E27822EBD790E0076D22A /* shaders.metal */,
				71A9C18B2734A42900932563 /* Info.plist */,
			);
			path = Code;
			sourceTree = "<group>";
		};
		71A9C05627349B9000932563 = {
			isa = PBXGroup;
			children = (
				40B3313227F3B7150029F74E /* README.md */,
				40B3313127F3B63B0029F74E /* Code */,
				71A9C06027349B9000932563 /* Products */,
				71A9C07427349D4100932563 /* Frameworks */,
				7AEFB0BFB35CB540726CA917 /* Configuration */,
			);
			sourceTree = "<group>";
		};
		71A9C06027349B9000932563 /* Products */ = {
			isa = PBXGroup;
			children = (
				71A9C17A2734A3EF00932563 /* Code.app */,
			);
			name = Products;
			sourceTree = "<group>";
		};
		71A9C07427349D4100932563 /* Frameworks */ = {
			isa = PBXGroup;
			children = (
				84DEE8752EBEA634006C5C7B /* Cocoa.framework */,
				71A9C07927349D5500932563 /* Foundation.framework */,
				71A9C07527349D4200932563 /* Metal.framework */,
				71A9C07727349D4500932563 /* MetalKit.framework */,
			);
			name = Frameworks;
			sourceTree = "<group>";
		};
		7AEFB0BFB35CB540726CA917 /* Configuration */ = {
			isa = PBXGroup;
			children = (
				72CBBD399B025FAB0CA05C0D /* SampleCode.xcconfig */,
			);
			name = Configuration;
			sourceTree = "<group>";
		};
/* End PBXGroup section */

/* Begin PBXNativeTarget section */
		71A9C1792734A3EF00932563 /* Code */ = {
			isa = PBXNativeTarget;
			buildConfigurationList = 71A9C1862734A3F000932563 /* Build configuration list for PBXNativeTarget "Code" */;
			buildPhases = (
				71A9C1762734A3EF00932563 /* Sources */,
				71A9C1772734A3EF00932563 /* Frameworks */,
				71A9C1782734A3EF00932563 /* Resources */,
			);
			buildRules = (
			);
			dependencies = (
			);
			name = Code;
			productName = "10-programmatic-gpu-capture";
			productReference = 71A9C17A2734A3EF00932563 /* Code.app */;
			productType = "com.apple.product-type.application";
		};
/* End PBXNativeTarget section */

/* Begin PBXProject section */
		71A9C05727349B9000932563 /* Project object */ = {
			isa = PBXProject;
			attributes = {
				BuildIndependentTargetsInParallel = 1;
				LastUpgradeCheck = 1330;
				ORGANIZATIONNAME = Apple;
				TargetAttributes = {
					71A9C1792734A3EF00932563 = {
						CreatedOnToolsVersion = 13.0;
					};
				};
			};
			buildConfigurationList = 71A9C05A27349B9000932563 /* Build configuration list for PBXProject "MetalCpp + MouseInput" */;
			compatibilityVersion = "Xcode 13.0";
			developmentRegion = en;
			hasScannedForEncodings = 0;
			knownRegions = (
				en,
				Base,
			);
			mainGroup = 71A9C05627349B9000932563;
			productRefGroup = 71A9C06027349B9000932563 /* Products */;
			projectDirPath = "";
			projectRoot = "";
			targets = (
				71A9C1792734A3EF00932563 /* Code */,
			);
		};
/* End PBXProject section */

/* Begin PBXResourcesBuildPhase section */
		71A9C1782734A3EF00932563 /* Resources */ = {
			isa = PBXResourcesBuildPhase;
			buildActionMask = 2147483647;
			files = (
			);
			runOnlyForDeploymentPostprocessing = 0;
		};
/* End PBXResourcesBuildPhase section */

/* Begin PBXSourcesBuildPhase section */
		71A9C1762734A3EF00932563 /* Sources */ = {
			isa = PBXSourcesBuildPhase;
			buildActionMask = 2147483647;
			files = (
				84B163FA2EBDF050006B608E /* Game.cpp in Sources */,
				841E27832EBD79110076D22A /* shaders.metal in Sources */,
				71A9C18C2734A42900932563 /* main.m in Sources */,
			);
			runOnlyForDeploymentPostprocessing = 0;
		};
/* End PBXSourcesBuildPhase section */

/* Begin XCBuildConfiguration section */
		71A9C06C27349B9100932563 /* Debug */ = {
			isa = XCBuildConfiguration;
			baseConfigurationReference = 72CBBD399B025FAB0CA05C0D /* SampleCode.xcconfig */;
			buildSettings = {
				ALWAYS_SEARCH_USER_PATHS = NO;
				CLANG_ANALYZER_NONNULL = YES;
				CLANG_ANALYZER_NUMBER_OBJECT_CONVERSION = YES_AGGRESSIVE;
				CLANG_CXX_LANGUAGE_STANDARD = "gnu++17";
				CLANG_CXX_LIBRARY = "libc++";
				CLANG_ENABLE_MODULES = YES;
				CLANG_ENABLE_OBJC_ARC = YES;
				CLANG_ENABLE_OBJC_WEAK = YES;
				CLANG_WARN_BLOCK_CAPTURE_AUTORELEASING = YES;
				CLANG_WARN_BOOL_CONVERSION = YES;
				CLANG_WARN_COMMA = YES;
				CLANG_WARN_CONSTANT_CONVERSION = YES;
				CLANG_WARN_DEPRECATED_OBJC_IMPLEMENTATIONS = YES;
				CLANG_WARN_DIRECT_OBJC_ISA_USAGE = YES_ERROR;
				CLANG_WARN_DOCUMENTATION_COMMENTS = YES;
				CLANG_WARN_EMPTY_BODY = YES;
				CLANG_WARN_ENUM_CONVERSION = YES;
				CLANG_WARN_INFINITE_RECURSION = YES;
				CLANG_WARN_INT_CONVERSION = YES;
				CLANG_WARN_NON_LITERAL_NULL_CONVERSION = YES;
				CLANG_WARN_OBJC_IMPLICIT_RETAIN_SELF = YES;
				CLANG_WARN_OBJC_LITERAL_CONVERSION = YES;
				CLANG_WARN_OBJC_ROOT_CLASS = YES_ERROR;
				CLANG_WARN_QUOTED_INCLUDE_IN_FRAMEWORK_HEADER = YES;
				CLANG_WARN_RANGE_LOOP_ANALYSIS = YES;
				CLANG_WARN_STRICT_PROTOTYPES = YES;
				CLANG_WARN_SUSPICIOUS_MOVE = YES;
				CLANG_WARN_UNGUARDED_AVAILABILITY = YES_AGGRESSIVE;
				CLANG_WARN_UNREACHABLE_CODE = YES;
				CLANG_WARN__DUPLICATE_METHOD_MATCH = YES;
				COPY_PHASE_STRIP = NO;
				DEBUG_INFORMATION_FORMAT = dwarf;
				ENABLE_STRICT_OBJC_MSGSEND = YES;
				ENABLE_TESTABILITY = YES;
				GCC_C_LANGUAGE_STANDARD = gnu11;
				GCC_DYNAMIC_NO_PIC = NO;
				GCC_NO_COMMON_BLOCKS = YES;
				GCC_OPTIMIZATION_LEVEL = 0;
				GCC_PREPROCESSOR_DEFINITIONS = (
					"DEBUG=1",
					"$(inherited)",
				);
				GCC_WARN_64_TO_32_BIT_CONVERSION = YES;
				GCC_WARN_ABOUT_RETURN_TYPE = YES_ERROR;
				GCC_WARN_UNDECLARED_SELECTOR = YES;
				GCC_WARN_UNINITIALIZED_AUTOS = YES_AGGRESSIVE;
				GCC_WARN_UNUSED_FUNCTION = YES;
				GCC_WARN_UNUSED_VARIABLE = YES;
				MACOSX_DEPLOYMENT_TARGET = 12.0;
				MTL_ENABLE_DEBUG_INFO = INCLUDE_SOURCE;
				MTL_FAST_MATH = YES;
				ONLY_ACTIVE_ARCH = YES;
				SDKROOT = macosx;
			};
			name = Debug;
		};
		71A9C06D27349B9100932563 /* Release */ = {
			isa = XCBuildConfiguration;
			baseConfigurationReference = 72CBBD399B025FAB0CA05C0D /* SampleCode.xcconfig */;
			buildSettings = {
				ALWAYS_SEARCH_USER_PATHS = NO;
				CLANG_ANALYZER_NONNULL = YES;
				CLANG_ANALYZER_NUMBER_OBJECT_CONVERSION = YES_AGGRESSIVE;
				CLANG_CXX_LANGUAGE_STANDARD = "gnu++17";
				CLANG_CXX_LIBRARY = "libc++";
				CLANG_ENABLE_MODULES = YES;
				CLANG_ENABLE_OBJC_ARC = YES;
				CLANG_ENABLE_OBJC_WEAK = YES;
				CLANG_WARN_BLOCK_CAPTURE_AUTORELEASING = YES;
				CLANG_WARN_BOOL_CONVERSION = YES;
				CLANG_WARN_COMMA = YES;
				CLANG_WARN_CONSTANT_CONVERSION = YES;
				CLANG_WARN_DEPRECATED_OBJC_IMPLEMENTATIONS = YES;
				CLANG_WARN_DIRECT_OBJC_ISA_USAGE = YES_ERROR;
				CLANG_WARN_DOCUMENTATION_COMMENTS = YES;
				CLANG_WARN_EMPTY_BODY = YES;
				CLANG_WARN_ENUM_CONVERSION = YES;
				CLANG_WARN_INFINITE_RECURSION = YES;
				CLANG_WARN_INT_CONVERSION = YES;
				CLANG_WARN_NON_LITERAL_NULL_CONVERSION = YES;
				CLANG_WARN_OBJC_IMPLICIT_RETAIN_SELF = YES;
				CLANG_WARN_OBJC_LITERAL_CONVERSION = YES;
				CLANG_WARN_OBJC_ROOT_CLASS = YES_ERROR;
				CLANG_WARN_QUOTED_INCLUDE_IN_FRAMEWORK_HEADER = YES;
				CLANG_WARN_RANGE_LOOP_ANALYSIS = YES;
				CLANG_WARN_STRICT_PROTOTYPES = YES;
				CLANG_WARN_SUSPICIOUS_MOVE = YES;
				CLANG_WARN_UNGUARDED_AVAILABILITY = YES_AGGRESSIVE;
				CLANG_WARN_UNREACHABLE_CODE = YES;
				CLANG_WARN__DUPLICATE_METHOD_MATCH = YES;
				COPY_PHASE_STRIP = NO;
				DEBUG_INFORMATION_FORMAT = "dwarf-with-dsym";
				ENABLE_NS_ASSERTIONS = NO;
				ENABLE_STRICT_OBJC_MSGSEND = YES;
				GCC_C_LANGUAGE_STANDARD = gnu11;
				GCC_NO_COMMON_BLOCKS = YES;
				GCC_WARN_64_TO_32_BIT_CONVERSION = YES;
				GCC_WARN_ABOUT_RETURN_TYPE = YES_ERROR;
				GCC_WARN_UNDECLARED_SELECTOR = YES;
				GCC_WARN_UNINITIALIZED_AUTOS = YES_AGGRESSIVE;
				GCC_WARN_UNUSED_FUNCTION = YES;
				GCC_WARN_UNUSED_VARIABLE = YES;
				MACOSX_DEPLOYMENT_TARGET = 12.0;
				MTL_ENABLE_DEBUG_INFO = NO;
				MTL_FAST_MATH = YES;
				SDKROOT = macosx;
			};
			name = Release;
		};
		71A9C1872734A3F000932563 /* Debug */ = {
			isa = XCBuildConfiguration;
			baseConfigurationReference = 72CBBD399B025FAB0CA05C0D /* SampleCode.xcconfig */;
			buildSettings = {
				ASSETCATALOG_COMPILER_APPICON_NAME = AppIcon;
				ASSETCATALOG_COMPILER_GLOBAL_ACCENT_COLOR_NAME = AccentColor;
				CLANG_CXX_LANGUAGE_STANDARD = "c++17";
				CODE_SIGN_IDENTITY = "-";
				CODE_SIGN_STYLE = Automatic;
				COMBINE_HIDPI_IMAGES = YES;
				CURRENT_PROJECT_VERSION = 1;
				DEVELOPMENT_TEAM = "";
				ENABLE_APP_SANDBOX = YES;
				ENABLE_USER_SELECTED_FILES = readonly;
				GENERATE_INFOPLIST_FILE = YES;
				HEADER_SEARCH_PATHS = (
					"metal-cpp",
					"metal-cpp-extensions",
				);
				INFOPLIST_FILE = Code/Info.plist;
				INFOPLIST_KEY_NSHumanReadableCopyright = "";
				INFOPLIST_KEY_NSMainNibFile = MainMenu;
				INFOPLIST_KEY_NSPrincipalClass = NSApplication;
				LD_RUNPATH_SEARCH_PATHS = (
					"$(inherited)",
					"@executable_path/../Frameworks",
				);
				MARKETING_VERSION = 1.0;
				PRODUCT_BUNDLE_IDENTIFIER = "com.example.apple-samplecode.$(PRODUCT_NAME)${SAMPLE_CODE_DISAMBIGUATOR}${SAMPLE_CODE_DISAMBIGUATOR}";
				PRODUCT_NAME = "$(TARGET_NAME)";
				PROVISIONING_PROFILE_SPECIFIER = "";
				SWIFT_EMIT_LOC_STRINGS = YES;
			};
			name = Debug;
		};
		71A9C1882734A3F000932563 /* Release */ = {
			isa = XCBuildConfiguration;
			baseConfigurationReference = 72CBBD399B025FAB0CA05C0D /* SampleCode.xcconfig */;
			buildSettings = {
				ASSETCATALOG_COMPILER_APPICON_NAME = AppIcon;
				ASSETCATALOG_COMPILER_GLOBAL_ACCENT_COLOR_NAME = AccentColor;
				CLANG_CXX_LANGUAGE_STANDARD = "c++17";
				CODE_SIGN_IDENTITY = "-";
				CODE_SIGN_STYLE = Automatic;
				COMBINE_HIDPI_IMAGES = YES;
				CURRENT_PROJECT_VERSION = 1;
				DEVELOPMENT_TEAM = "";
				ENABLE_APP_SANDBOX = YES;
				ENABLE_USER_SELECTED_FILES = readonly;
				GENERATE_INFOPLIST_FILE = YES;
				HEADER_SEARCH_PATHS = (
					"metal-cpp",
					"metal-cpp-extensions",
				);
				INFOPLIST_FILE = Code/Info.plist;
				INFOPLIST_KEY_NSHumanReadableCopyright = "";
				INFOPLIST_KEY_NSMainNibFile = MainMenu;
				INFOPLIST_KEY_NSPrincipalClass = NSApplication;
				LD_RUNPATH_SEARCH_PATHS = (
					"$(inherited)",
					"@executable_path/../Frameworks",
				);
				MARKETING_VERSION = 1.0;
				PRODUCT_BUNDLE_IDENTIFIER = "com.example.apple-samplecode.$(PRODUCT_NAME)${SAMPLE_CODE_DISAMBIGUATOR}${SAMPLE_CODE_DISAMBIGUATOR}";
				PRODUCT_NAME = "$(TARGET_NAME)";
				PROVISIONING_PROFILE_SPECIFIER = "";
				SWIFT_EMIT_LOC_STRINGS = YES;
			};
			name = Release;
		};
/* End XCBuildConfiguration section */

/* Begin XCConfigurationList section */
		71A9C05A27349B9000932563 /* Build configuration list for PBXProject "MetalCpp + MouseInput" */ = {
			isa = XCConfigurationList;
			buildConfigurations = (
				71A9C06C27349B9100932563 /* Debug */,
				71A9C06D27349B9100932563 /* Release */,
			);
			defaultConfigurationIsVisible = 0;
			defaultConfigurationName = Release;
		};
		71A9C1862734A3F000932563 /* Build configuration list for PBXNativeTarget "Code" */ = {
			isa = XCConfigurationList;
			buildConfigurations = (
				71A9C1872734A3F000932563 /* Debug */,
				71A9C1882734A3F000932563 /* Release */,
			);
			defaultConfigurationIsVisible = 0;
			defaultConfigurationName = Release;
		};
/* End XCConfigurationList section */
	};
	rootObject = 71A9C05727349B9000932563 /* Project object */;
}
